
Microsoft Visual Studio Solution File, Format Version 12.00
# Visual Studio 15
VisualStudioVersion = 15.0.27130.2027
MinimumVisualStudioVersion = 10.0.40219.1
Project("{FAE04EC0-301F-11D3-BF4B-00C04F79EFBC}") = "UnitTestProject1", "UnitTestProject1\UnitTestProject1.csproj", "{32C34549-77B9-4474-8EAE-0078A3B61860}"
EndProject
Global
	GlobalSection(SolutionConfigurationPlatforms) = preSolution
		Debug|Any CPU = Debug|Any CPU
		Release|Any CPU = Release|Any CPU
	EndGlobalSection
	GlobalSection(ProjectConfigurationPlatforms) = postSolution
		{32C34549-77B9-4474-8EAE-0078A3B61860}.Debug|Any CPU.ActiveCfg = Debug|Any CPU
		{32C34549-77B9-4474-8EAE-0078A3B61860}.Debug|Any CPU.Build.0 = Debug|Any CPU
		{32C34549-77B9-4474-8EAE-0078A3B61860}.Release|Any CPU.ActiveCfg = Release|Any CPU
		{32C34549-77B9-4474-8EAE-0078A3B61860}.Release|Any CPU.Build.0 = Release|Any CPU
	EndGlobalSection
	GlobalSection(SolutionProperties) = preSolution
		HideSolutionNode = FALSE
	EndGlobalSection
	GlobalSection(ExtensibilityGlobals) = postSolution
		SolutionGuid = {3A67BE72-6C77-4D47-BFD5-CF6AFE2E6DB0}
	EndGlobalSection
EndGlobal
